{
  "name": "@jeremiak/p-exec",
  "version": "1.0.0",
  "lockfileVersion": 3,
  "requires": true,
  "packages": {
    "": {
      "name": "@jeremiak/p-exec",
      "version": "1.0.0",
      "license": "CC-BY-SA"
    },
    "node_modules/p-exec": {
      "resolved": "",
      "link": true
    }
  }
}
